<?xml version="1.0" encoding="utf-8"?>
<Project ToolsVersion="4.0" xmlns="http://schemas.microsoft.com/developer/msbuild/2003">
  <ItemGroup>
    <Filter Include="Source Files">
      <UniqueIdentifier>{4FC737F1-C7A5-4376-A066-2A32D752A2FF}</UniqueIdentifier>
      <Extensions>cpp;c;cc;cxx;def;odl;idl;hpj;bat;asm;asmx</Extensions>
    </Filter>
    <Filter Include="Header Files">
      <UniqueIdentifier>{93995380-89BD-4b04-88EB-625FBE52EBFB}</UniqueIdentifier>
      <Extensions>h;hh;hpp;hxx;hm;inl;inc;xsd</Extensions>
    </Filter>
    <Filter Include="Resource Files">
      <UniqueIdentifier>{67DA6AB6-F800-4c08-8B7A-83BB121AAD01}</UniqueIdentifier>
      <Extensions>rc;ico;cur;bmp;dlg;rc2;rct;bin;rgs;gif;jpg;jpeg;jpe;resx;tiff;tif;png;wav;mfcribbon-ms</Extensions>
    </Filter>
    <Filter Include="API">
      <UniqueIdentifier>{ed97f665-46a6-428f-a601-1fb4d91abd85}</UniqueIdentifier>
    </Filter>
    <Filter Include="Common">
      <UniqueIdentifier>{1e199f35-3c96-4639-9925-2fc4083c71c3}</UniqueIdentifier>
    </Filter>
    <Filter Include="Common\Util">
      <UniqueIdentifier>{2e480b08-913b-4b43-8df5-28b439586d5c}</UniqueIdentifier>
    </Filter>
    <Filter Include="Common\Connect">
      <UniqueIdentifier>{9b0cecb5-7997-42e8-8d43-2f2b3499bc85}</UniqueIdentifier>
    </Filter>
    <Filter Include="Common\Connect\Transport">
      <UniqueIdentifier>{0f287af8-ccd4-43f2-8e1d-fc1df3d7309d}</UniqueIdentifier>
    </Filter>
  </ItemGroup>
  <ItemGroup>
    <Text Include="ReadMe.txt" />
  </ItemGroup>
  <ItemGroup>
    <ClCompile Include="LibBasler.cpp">
      <Filter>Source Files</Filter>
    </ClCompile>
    <ClCompile Include="stdafx.cpp">
      <Filter>Source Files</Filter>
    </ClCompile>
    <ClCompile Include="Connect\CameraInterfaceBasler.cpp">
      <Filter>API</Filter>
    </ClCompile>
    <ClCompile Include="Connect\Transport\CameraBasler.cpp">
      <Filter>Common\Connect\Transport</Filter>
    </ClCompile>
    <ClCompile Include="..\Common\Util\Util.cpp">
      <Filter>Common\Util</Filter>
    </ClCompile>
    <ClCompile Include="Connect\Transport\SdkBasler.cpp">
      <Filter>Common\Connect\Transport</Filter>
    </ClCompile>
  </ItemGroup>
  <ItemGroup>
    <ClInclude Include="LibBasler.h">
      <Filter>Header Files</Filter>
    </ClInclude>
    <ClInclude Include="stdafx.h">
      <Filter>Header Files</Filter>
    </ClInclude>
    <ClInclude Include="targetver.h">
      <Filter>Header Files</Filter>
    </ClInclude>
    <ClInclude Include="Resource.h">
      <Filter>Header Files</Filter>
    </ClInclude>
    <ClInclude Include="..\Common\Camera\Basler\CameraInterfaceBasler.h">
      <Filter>API</Filter>
    </ClInclude>
    <ClInclude Include="Connect\Transport\CameraBasler.h">
      <Filter>Common\Connect\Transport</Filter>
    </ClInclude>
    <ClInclude Include="..\Common\Util\Util.h">
      <Filter>Common\Util</Filter>
    </ClInclude>
    <ClInclude Include="Connect\Transport\SdkBasler.h">
      <Filter>Common\Connect\Transport</Filter>
    </ClInclude>
  </ItemGroup>
  <ItemGroup>
    <None Include="LibBasler.def">
      <Filter>Source Files</Filter>
    </None>
    <None Include="res\LibBasler.rc2">
      <Filter>Resource Files</Filter>
    </None>
  </ItemGroup>
  <ItemGroup>
    <ResourceCompile Include="LibBasler.rc">
      <Filter>Resource Files</Filter>
    </ResourceCompile>
  </ItemGroup>
</Project>